// !$*UTF8*$!
{
	archiveVersion = 1;
	classes = {
	};
	objectVersion = 46;
	objects = {

/* Begin PBXBuildFile section */
		C028A7FB1D2E63DE0014C810 /* Video.swift in Sources */ = {isa = PBXBuildFile; fileRef = C028A7FA1D2E63DE0014C810 /* Video.swift */; };
		C028A7FE1D2E696B0014C810 /* UnidadDidactiva.swift in Sources */ = {isa = PBXBuildFile; fileRef = C028A7FD1D2E696B0014C810 /* UnidadDidactiva.swift */; };
		C028A8001D2E6CE30014C810 /* Rea.swift in Sources */ = {isa = PBXBuildFile; fileRef = C028A7FF1D2E6CE30014C810 /* Rea.swift */; };
		C06CABBC1D2D2D2C00704668 /* VideoStore.swift in Sources */ = {isa = PBXBuildFile; fileRef = C06CABBB1D2D2D2C00704668 /* VideoStore.swift */; };
		C0E80B971D2FCECC005A8417 /* SwiftyJSON.swift in Sources */ = {isa = PBXBuildFile; fileRef = C0E80B961D2FCECC005A8417 /* SwiftyJSON.swift */; };
		C0F3D44A1D2A7E02009BCC5A /* AppDelegate.swift in Sources */ = {isa = PBXBuildFile; fileRef = C0F3D4491D2A7E02009BCC5A /* AppDelegate.swift */; };
		C0F3D44C1D2A7E02009BCC5A /* ViewController.swift in Sources */ = {isa = PBXBuildFile; fileRef = C0F3D44B1D2A7E02009BCC5A /* ViewController.swift */; };
		C0F3D44F1D2A7E02009BCC5A /* Main.storyboard in Resources */ = {isa = PBXBuildFile; fileRef = C0F3D44D1D2A7E02009BCC5A /* Main.storyboard */; };
		C0F3D4511D2A7E02009BCC5A /* Assets.xcassets in Resources */ = {isa = PBXBuildFile; fileRef = C0F3D4501D2A7E02009BCC5A /* Assets.xcassets */; };
/* End PBXBuildFile section */

/* Begin PBXFileReference section */
		C028A7FA1D2E63DE0014C810 /* Video.swift */ = {isa = PBXFileReference; fileEncoding = 4; lastKnownFileType = sourcecode.swift; name = Video.swift; path = ../Video.swift; sourceTree = "<group>"; };
		C028A7FD1D2E696B0014C810 /* UnidadDidactiva.swift */ = {isa = PBXFileReference; fileEncoding = 4; lastKnownFileType = sourcecode.swift; name = UnidadDidactiva.swift; path = ../UnidadDidactiva.swift; sourceTree = "<group>"; };
		C028A7FF1D2E6CE30014C810 /* Rea.swift */ = {isa = PBXFileReference; fileEncoding = 4; lastKnownFileType = sourcecode.swift; name = Rea.swift; path = ../Rea.swift; sourceTree = "<group>"; };
		C06CABBB1D2D2D2C00704668 /* VideoStore.swift */ = {isa = PBXFileReference; fileEncoding = 4; lastKnownFileType = sourcecode.swift; path = VideoStore.swift; sourceTree = "<group>"; };
		C0E80B961D2FCECC005A8417 /* SwiftyJSON.swift */ = {isa = PBXFileReference; fileEncoding = 4; lastKnownFileType = sourcecode.swift; path = SwiftyJSON.swift; sourceTree = "<group>"; };
		C0F3D4461D2A7E01009BCC5A /* REAUCMTV.app */ = {isa = PBXFileReference; explicitFileType = wrapper.application; includeInIndex = 0; path = REAUCMTV.app; sourceTree = BUILT_PRODUCTS_DIR; };
		C0F3D4491D2A7E02009BCC5A /* AppDelegate.swift */ = {isa = PBXFileReference; lastKnownFileType = sourcecode.swift; path = AppDelegate.swift; sourceTree = "<group>"; };
		C0F3D44B1D2A7E02009BCC5A /* ViewController.swift */ = {isa = PBXFileReference; lastKnownFileType = sourcecode.swift; path = ViewController.swift; sourceTree = "<group>"; };
		C0F3D44E1D2A7E02009BCC5A /* Base */ = {isa = PBXFileReference; lastKnownFileType = file.storyboard; name = Base; path = Base.lproj/Main.storyboard; sourceTree = "<group>"; };
		C0F3D4501D2A7E02009BCC5A /* Assets.xcassets */ = {isa = PBXFileReference; lastKnownFileType = folder.assetcatalog; path = Assets.xcassets; sourceTree = "<group>"; };
		C0F3D4521D2A7E02009BCC5A /* Info.plist */ = {isa = PBXFileReference; lastKnownFileType = text.plist.xml; path = Info.plist; sourceTree = "<group>"; };
/* End PBXFileReference section */

/* Begin PBXFrameworksBuildPhase section */
		C0F3D4431D2A7E01009BCC5A /* Frameworks */ = {
			isa = PBXFrameworksBuildPhase;
			buildActionMask = 2147483647;
			files = (
			);
			runOnlyForDeploymentPostprocessing = 0;
		};
/* End PBXFrameworksBuildPhase section */

/* Begin PBXGroup section */
		C028A7F91D2E63B20014C810 /* JSON */ = {
			isa = PBXGroup;
			children = (
				C0E80B961D2FCECC005A8417 /* SwiftyJSON.swift */,
			);
			name = JSON;
			sourceTree = "<group>";
		};
		C028A7FC1D2E69490014C810 /* Modelo */ = {
			isa = PBXGroup;
			children = (
				C06CABBB1D2D2D2C00704668 /* VideoStore.swift */,
				C028A7FF1D2E6CE30014C810 /* Rea.swift */,
				C028A7FD1D2E696B0014C810 /* UnidadDidactiva.swift */,
				C028A7FA1D2E63DE0014C810 /* Video.swift */,
			);
			name = Modelo;
			sourceTree = "<group>";
		};
		C0F3D43D1D2A7E01009BCC5A = {
			isa = PBXGroup;
			children = (
				C0F3D4481D2A7E02009BCC5A /* REAUCMTV */,
				C0F3D4471D2A7E01009BCC5A /* Products */,
			);
			sourceTree = "<group>";
		};
		C0F3D4471D2A7E01009BCC5A /* Products */ = {
			isa = PBXGroup;
			children = (
				C0F3D4461D2A7E01009BCC5A /* REAUCMTV.app */,
			);
			name = Products;
			sourceTree = "<group>";
		};
		C0F3D4481D2A7E02009BCC5A /* REAUCMTV */ = {
			isa = PBXGroup;
			children = (
				C028A7FC1D2E69490014C810 /* Modelo */,
				C028A7F91D2E63B20014C810 /* JSON */,
				C0F3D4491D2A7E02009BCC5A /* AppDelegate.swift */,
				C0F3D44B1D2A7E02009BCC5A /* ViewController.swift */,
				C0F3D44D1D2A7E02009BCC5A /* Main.storyboard */,
				C0F3D4501D2A7E02009BCC5A /* Assets.xcassets */,
				C0F3D4521D2A7E02009BCC5A /* Info.plist */,
			);
			path = REAUCMTV;
			sourceTree = "<group>";
		};
/* End PBXGroup section */

/* Begin PBXNativeTarget section */
		C0F3D4451D2A7E01009BCC5A /* REAUCMTV */ = {
			isa = PBXNativeTarget;
			buildConfigurationList = C0F3D4551D2A7E02009BCC5A /* Build configuration list for PBXNativeTarget "REAUCMTV" */;
			buildPhases = (
				C0F3D4421D2A7E01009BCC5A /* Sources */,
				C0F3D4431D2A7E01009BCC5A /* Frameworks */,
				C0F3D4441D2A7E01009BCC5A /* Resources */,
			);
			buildRules = (
			);
			dependencies = (
			);
			name = REAUCMTV;
			productName = REAUCMTV;
			productReference = C0F3D4461D2A7E01009BCC5A /* REAUCMTV.app */;
			productType = "com.apple.product-type.application";
		};
/* End PBXNativeTarget section */

/* Begin PBXProject section */
		C0F3D43E1D2A7E01009BCC5A /* Project object */ = {
			isa = PBXProject;
			attributes = {
				LastSwiftUpdateCheck = 0730;
				LastUpgradeCheck = 0730;
				ORGANIZATIONNAME = UCM;
				TargetAttributes = {
					C0F3D4451D2A7E01009BCC5A = {
						CreatedOnToolsVersion = 7.3.1;
					};
				};
			};
			buildConfigurationList = C0F3D4411D2A7E01009BCC5A /* Build configuration list for PBXProject "REAUCMTV" */;
			compatibilityVersion = "Xcode 3.2";
			developmentRegion = English;
			hasScannedForEncodings = 0;
			knownRegions = (
				en,
				Base,
			);
			mainGroup = C0F3D43D1D2A7E01009BCC5A;
			productRefGroup = C0F3D4471D2A7E01009BCC5A /* Products */;
			projectDirPath = "";
			projectRoot = "";
			targets = (
				C0F3D4451D2A7E01009BCC5A /* REAUCMTV */,
			);
		};
/* End PBXProject section */

/* Begin PBXResourcesBuildPhase section */
		C0F3D4441D2A7E01009BCC5A /* Resources */ = {
			isa = PBXResourcesBuildPhase;
			buildActionMask = 2147483647;
			files = (
				C0F3D4511D2A7E02009BCC5A /* Assets.xcassets in Resources */,
				C0F3D44F1D2A7E02009BCC5A /* Main.storyboard in Resources */,
			);
			runOnlyForDeploymentPostprocessing = 0;
		};
/* End PBXResourcesBuildPhase section */

/* Begin PBXSourcesBuildPhase section */
		C0F3D4421D2A7E01009BCC5A /* Sources */ = {
			isa = PBXSourcesBuildPhase;
			buildActionMask = 2147483647;
			files = (
				C028A7FE1D2E696B0014C810 /* UnidadDidactiva.swift in Sources */,
				C0F3D44C1D2A7E02009BCC5A /* ViewController.swift in Sources */,
				C0F3D44A1D2A7E02009BCC5A /* AppDelegate.swift in Sources */,
				C06CABBC1D2D2D2C00704668 /* VideoStore.swift in Sources */,
				C028A8001D2E6CE30014C810 /* Rea.swift in Sources */,
				C0E80B971D2FCECC005A8417 /* SwiftyJSON.swift in Sources */,
				C028A7FB1D2E63DE0014C810 /* Video.swift in Sources */,
			);
			runOnlyForDeploymentPostprocessing = 0;
		};
/* End PBXSourcesBuildPhase section */

/* Begin PBXVariantGroup section */
		C0F3D44D1D2A7E02009BCC5A /* Main.storyboard */ = {
			isa = PBXVariantGroup;
			children = (
				C0F3D44E1D2A7E02009BCC5A /* Base */,
			);
			name = Main.storyboard;
			sourceTree = "<group>";
		};
/* End PBXVariantGroup section */

/* Begin XCBuildConfiguration section */
		C0F3D4531D2A7E02009BCC5A /* Debug */ = {
			isa = XCBuildConfiguration;
			buildSettings = {
				ALWAYS_SEARCH_USER_PATHS = NO;
				CLANG_ANALYZER_NONNULL = YES;
				CLANG_CXX_LANGUAGE_STANDARD = "gnu++0x";
				CLANG_CXX_LIBRARY = "libc++";
				CLANG_ENABLE_MODULES = YES;
				CLANG_ENABLE_OBJC_ARC = YES;
				CLANG_WARN_BOOL_CONVERSION = YES;
				CLANG_WARN_CONSTANT_CONVERSION = YES;
				CLANG_WARN_DIRECT_OBJC_ISA_USAGE = YES_ERROR;
				CLANG_WARN_EMPTY_BODY = YES;
				CLANG_WARN_ENUM_CONVERSION = YES;
				CLANG_WARN_INT_CONVERSION = YES;
				CLANG_WARN_OBJC_ROOT_CLASS = YES_ERROR;
				CLANG_WARN_UNREACHABLE_CODE = YES;
				CLANG_WARN__DUPLICATE_METHOD_MATCH = YES;
				COPY_PHASE_STRIP = NO;
				DEBUG_INFORMATION_FORMAT = dwarf;
				ENABLE_STRICT_OBJC_MSGSEND = YES;
				ENABLE_TESTABILITY = YES;
				GCC_C_LANGUAGE_STANDARD = gnu99;
				GCC_DYNAMIC_NO_PIC = NO;
				GCC_NO_COMMON_BLOCKS = YES;
				GCC_OPTIMIZATION_LEVEL = 0;
				GCC_PREPROCESSOR_DEFINITIONS = (
					"DEBUG=1",
					"$(inherited)",
				);
				GCC_WARN_64_TO_32_BIT_CONVERSION = YES;
				GCC_WARN_ABOUT_RETURN_TYPE = YES_ERROR;
				GCC_WARN_UNDECLARED_SELECTOR = YES;
				GCC_WARN_UNINITIALIZED_AUTOS = YES_AGGRESSIVE;
				GCC_WARN_UNUSED_FUNCTION = YES;
				GCC_WARN_UNUSED_VARIABLE = YES;
				MTL_ENABLE_DEBUG_INFO = YES;
				ONLY_ACTIVE_ARCH = YES;
				SDKROOT = appletvos;
				SWIFT_OPTIMIZATION_LEVEL = "-Onone";
				TARGETED_DEVICE_FAMILY = 3;
				TVOS_DEPLOYMENT_TARGET = 9.2;
			};
			name = Debug;
		};
		C0F3D4541D2A7E02009BCC5A /* Release */ = {
			isa = XCBuildConfiguration;
			buildSettings = {
				ALWAYS_SEARCH_USER_PATHS = NO;
				CLANG_ANALYZER_NONNULL = YES;
				CLANG_CXX_LANGUAGE_STANDARD = "gnu++0x";
				CLANG_CXX_LIBRARY = "libc++";
				CLANG_ENABLE_MODULES = YES;
				CLANG_ENABLE_OBJC_ARC = YES;
				CLANG_WARN_BOOL_CONVERSION = YES;
				CLANG_WARN_CONSTANT_CONVERSION = YES;
				CLANG_WARN_DIRECT_OBJC_ISA_USAGE = YES_ERROR;
				CLANG_WARN_EMPTY_BODY = YES;
				CLANG_WARN_ENUM_CONVERSION = YES;
				CLANG_WARN_INT_CONVERSION = YES;
				CLANG_WARN_OBJC_ROOT_CLASS = YES_ERROR;
				CLANG_WARN_UNREACHABLE_CODE = YES;
				CLANG_WARN__DUPLICATE_METHOD_MATCH = YES;
				COPY_PHASE_STRIP = NO;
				DEBUG_INFORMATION_FORMAT = "dwarf-with-dsym";
				ENABLE_NS_ASSERTIONS = NO;
				ENABLE_STRICT_OBJC_MSGSEND = YES;
				GCC_C_LANGUAGE_STANDARD = gnu99;
				GCC_NO_COMMON_BLOCKS = YES;
				GCC_WARN_64_TO_32_BIT_CONVERSION = YES;
				GCC_WARN_ABOUT_RETURN_TYPE = YES_ERROR;
				GCC_WARN_UNDECLARED_SELECTOR = YES;
				GCC_WARN_UNINITIALIZED_AUTOS = YES_AGGRESSIVE;
				GCC_WARN_UNUSED_FUNCTION = YES;
				GCC_WARN_UNUSED_VARIABLE = YES;
				MTL_ENABLE_DEBUG_INFO = NO;
				SDKROOT = appletvos;
				TARGETED_DEVICE_FAMILY = 3;
				TVOS_DEPLOYMENT_TARGET = 9.2;
				VALIDATE_PRODUCT = YES;
			};
			name = Release;
		};
		C0F3D4561D2A7E02009BCC5A /* Debug */ = {
			isa = XCBuildConfiguration;
			buildSettings = {
				ASSETCATALOG_COMPILER_APPICON_NAME = "App Icon & Top Shelf Image";
				ASSETCATALOG_COMPILER_LAUNCHIMAGE_NAME = LaunchImage;
				INFOPLIST_FILE = REAUCMTV/Info.plist;
				LD_RUNPATH_SEARCH_PATHS = "$(inherited) @executable_path/Frameworks";
				PRODUCT_BUNDLE_IDENTIFIER = es.ucm.REAUCMTV;
				PRODUCT_NAME = "$(TARGET_NAME)";
			};
			name = Debug;
		};
		C0F3D4571D2A7E02009BCC5A /* Release */ = {
			isa = XCBuildConfiguration;
			buildSettings = {
				ASSETCATALOG_COMPILER_APPICON_NAME = "App Icon & Top Shelf Image";
				ASSETCATALOG_COMPILER_LAUNCHIMAGE_NAME = LaunchImage;
				INFOPLIST_FILE = REAUCMTV/Info.plist;
				LD_RUNPATH_SEARCH_PATHS = "$(inherited) @executable_path/Frameworks";
				PRODUCT_BUNDLE_IDENTIFIER = es.ucm.REAUCMTV;
				PRODUCT_NAME = "$(TARGET_NAME)";
			};
			name = Release;
		};
/* End XCBuildConfiguration section */

/* Begin XCConfigurationList section */
		C0F3D4411D2A7E01009BCC5A /* Build configuration list for PBXProject "REAUCMTV" */ = {
			isa = XCConfigurationList;
			buildConfigurations = (
				C0F3D4531D2A7E02009BCC5A /* Debug */,
				C0F3D4541D2A7E02009BCC5A /* Release */,
			);
			defaultConfigurationIsVisible = 0;
			defaultConfigurationName = Release;
		};
		C0F3D4551D2A7E02009BCC5A /* Build configuration list for PBXNativeTarget "REAUCMTV" */ = {
			isa = XCConfigurationList;
			buildConfigurations = (
				C0F3D4561D2A7E02009BCC5A /* Debug */,
				C0F3D4571D2A7E02009BCC5A /* Release */,
			);
			defaultConfigurationIsVisible = 0;
			defaultConfigurationName = Release;
		};
/* End XCConfigurationList section */
	};
	rootObject = C0F3D43E1D2A7E01009BCC5A /* Project object */;
}
